// !$*UTF8*$!
{
	archiveVersion = 1;
	classes = {
	};
	objectVersion = 77;
	objects = {

/* Begin PBXBuildFile section */
		71A8718A300AAA3A006A5217 /* AppDelegate.swift in Sources */ = {isa = PBXBuildFile; fileRef = 71A87189300AAA3A006A5217 /* AppDelegate.swift */; };
		71A8718C300AAA3A006A5217 /* SceneDelegate.swift in Sources */ = {isa = PBXBuildFile; fileRef = 71A8718B300AAA3A006A5217 /* SceneDelegate.swift */; };
		71A8718F300AAA3A006A5217 /* LaunchScreen.storyboard in Resources */ = {isa = PBXBuildFile; fileRef = 71A8718D300AAA3A006A5217 /* LaunchScreen.storyboard */; };
		71A87192300AAA3A006A5217 /* Main.storyboard in Resources */ = {isa = PBXBuildFile; fileRef = 71A87190300AAA3A006A5217 /* Main.storyboard */; };
		71A8719B300AAA3A006A5217 /* AppDelegate.swift in Sources */ = {isa = PBXBuildFile; fileRef = 71A8719A300AAA3A006A5217 /* AppDelegate.swift */; };
		71A8719E300AAA3A006A5217 /* Main.storyboard in Resources */ = {isa = PBXBuildFile; fileRef = 71A8719C300AAA3A006A5217 /* Main.storyboard */; };
		71A871A5300AAA3A006A5217 /* LinkedIn De-Elonizer Extension.appex in Embed Foundation Extensions */ = {isa = PBXBuildFile; fileRef = 71A871A4300AAA3A006A5217 /* LinkedIn De-Elonizer Extension.appex */; settings = {ATTRIBUTES = (RemoveHeadersOnCopy, ); }; };
		71A871AF300AAA3A006A5217 /* LinkedIn De-Elonizer Extension.appex in Embed Foundation Extensions */ = {isa = PBXBuildFile; fileRef = 71A871AE300AAA3A006A5217 /* LinkedIn De-Elonizer Extension.appex */; settings = {ATTRIBUTES = (RemoveHeadersOnCopy, ); }; };
		71A871B4300AAA3A006A5217 /* Main.html in Resources */ = {isa = PBXBuildFile; fileRef = 71A87179300AAA39006A5217 /* Main.html */; };
		71A871B5300AAA3A006A5217 /* Main.html in Resources */ = {isa = PBXBuildFile; fileRef = 71A87179300AAA39006A5217 /* Main.html */; };
		71A871B6300AAA3A006A5217 /* Icon.png in Resources */ = {isa = PBXBuildFile; fileRef = 71A8717B300AAA39006A5217 /* Icon.png */; };
		71A871B7300AAA3A006A5217 /* Icon.png in Resources */ = {isa = PBXBuildFile; fileRef = 71A8717B300AAA39006A5217 /* Icon.png */; };
		71A871B8300AAA3A006A5217 /* Style.css in Resources */ = {isa = PBXBuildFile; fileRef = 71A8717C300AAA39006A5217 /* Style.css */; };
		71A871B9300AAA3A006A5217 /* Style.css in Resources */ = {isa = PBXBuildFile; fileRef = 71A8717C300AAA39006A5217 /* Style.css */; };
		71A871BA300AAA3A006A5217 /* Script.js in Resources */ = {isa = PBXBuildFile; fileRef = 71A8717D300AAA39006A5217 /* Script.js */; };
		71A871BB300AAA3A006A5217 /* Script.js in Resources */ = {isa = PBXBuildFile; fileRef = 71A8717D300AAA39006A5217 /* Script.js */; };
		71A871BC300AAA3A006A5217 /* ViewController.swift in Sources */ = {isa = PBXBuildFile; fileRef = 71A8717E300AAA39006A5217 /* ViewController.swift */; };
		71A871BD300AAA3A006A5217 /* ViewController.swift in Sources */ = {isa = PBXBuildFile; fileRef = 71A8717E300AAA39006A5217 /* ViewController.swift */; };
		71A871BE300AAA3A006A5217 /* Assets.xcassets in Resources */ = {isa = PBXBuildFile; fileRef = 71A8717F300AAA3A006A5217 /* Assets.xcassets */; };
		71A871BF300AAA3A006A5217 /* Assets.xcassets in Resources */ = {isa = PBXBuildFile; fileRef = 71A8717F300AAA3A006A5217 /* Assets.xcassets */; };
		71A871C0300AAA3A006A5217 /* SafariWebExtensionHandler.swift in Sources */ = {isa = PBXBuildFile; fileRef = 71A87181300AAA3A006A5217 /* SafariWebExtensionHandler.swift */; };
		71A871C1300AAA3A006A5217 /* SafariWebExtensionHandler.swift in Sources */ = {isa = PBXBuildFile; fileRef = 71A87181300AAA3A006A5217 /* SafariWebExtensionHandler.swift */; };
		71A871DA300AAA3B006A5217 /* popup.js in Resources */ = {isa = PBXBuildFile; fileRef = 71A871D3300AAA3B006A5217 /* popup.js */; };
		71A871DB300AAA3B006A5217 /* background.js in Resources */ = {isa = PBXBuildFile; fileRef = 71A871D4300AAA3B006A5217 /* background.js */; };
		71A871DC300AAA3B006A5217 /* popup.html in Resources */ = {isa = PBXBuildFile; fileRef = 71A871D5300AAA3B006A5217 /* popup.html */; };
		71A871DD300AAA3B006A5217 /* icons in Resources */ = {isa = PBXBuildFile; fileRef = 71A871D6300AAA3B006A5217 /* icons */; };
		71A871DE300AAA3B006A5217 /* manifest.json in Resources */ = {isa = PBXBuildFile; fileRef = 71A871D7300AAA3B006A5217 /* manifest.json */; };
		71A871DF300AAA3B006A5217 /* popup.css in Resources */ = {isa = PBXBuildFile; fileRef = 71A871D8300AAA3B006A5217 /* popup.css */; };
		71A871E0300AAA3B006A5217 /* content.js in Resources */ = {isa = PBXBuildFile; fileRef = 71A871D9300AAA3B006A5217 /* content.js */; };
		71A871E1300AAA3B006A5217 /* popup.js in Resources */ = {isa = PBXBuildFile; fileRef = 71A871D3300AAA3B006A5217 /* popup.js */; };
		71A871E2300AAA3B006A5217 /* background.js in Resources */ = {isa = PBXBuildFile; fileRef = 71A871D4300AAA3B006A5217 /* background.js */; };
		71A871E3300AAA3B006A5217 /* popup.html in Resources */ = {isa = PBXBuildFile; fileRef = 71A871D5300AAA3B006A5217 /* popup.html */; };
		71A871E4300AAA3B006A5217 /* icons in Resources */ = {isa = PBXBuildFile; fileRef = 71A871D6300AAA3B006A5217 /* icons */; };
		71A871E5300AAA3B006A5217 /* manifest.json in Resources */ = {isa = PBXBuildFile; fileRef = 71A871D7300AAA3B006A5217 /* manifest.json */; };
		71A871E6300AAA3B006A5217 /* popup.css in Resources */ = {isa = PBXBuildFile; fileRef = 71A871D8300AAA3B006A5217 /* popup.css */; };
		71A871E7300AAA3B006A5217 /* content.js in Resources */ = {isa = PBXBuildFile; fileRef = 71A871D9300AAA3B006A5217 /* content.js */; };
/* End PBXBuildFile section */

/* Begin PBXContainerItemProxy section */
		71A871A6300AAA3A006A5217 /* PBXContainerItemProxy */ = {
			isa = PBXContainerItemProxy;
			containerPortal = 71A87173300AAA39006A5217 /* Project object */;
			proxyType = 1;
			remoteGlobalIDString = 71A871A3300AAA3A006A5217;
			remoteInfo = "LinkedIn De-Elonizer Extension (iOS)";
		};
		71A871B0300AAA3A006A5217 /* PBXContainerItemProxy */ = {
			isa = PBXContainerItemProxy;
			containerPortal = 71A87173300AAA39006A5217 /* Project object */;
			proxyType = 1;
			remoteGlobalIDString = 71A871AD300AAA3A006A5217;
			remoteInfo = "LinkedIn De-Elonizer Extension (macOS)";
		};
/* End PBXContainerItemProxy section */

/* Begin PBXCopyFilesBuildPhase section */
		71A871C7300AAA3A006A5217 /* Embed Foundation Extensions */ = {
			isa = PBXCopyFilesBuildPhase;
			buildActionMask = 2147483647;
			dstPath = "";
			dstSubfolderSpec = 13;
			files = (
				71A871A5300AAA3A006A5217 /* LinkedIn De-Elonizer Extension.appex in Embed Foundation Extensions */,
			);
			name = "Embed Foundation Extensions";
			runOnlyForDeploymentPostprocessing = 0;
		};
		71A871CE300AAA3A006A5217 /* Embed Foundation Extensions */ = {
			isa = PBXCopyFilesBuildPhase;
			buildActionMask = 2147483647;
			dstPath = "";
			dstSubfolderSpec = 13;
			files = (
				71A871AF300AAA3A006A5217 /* LinkedIn De-Elonizer Extension.appex in Embed Foundation Extensions */,
			);
			name = "Embed Foundation Extensions";
			runOnlyForDeploymentPostprocessing = 0;
		};
/* End PBXCopyFilesBuildPhase section */

/* Begin PBXFileReference section */
		71A8717A300AAA39006A5217 /* Base */ = {isa = PBXFileReference; lastKnownFileType = text.html; name = Base; path = Base.lproj/Main.html; sourceTree = "<group>"; };
		71A8717B300AAA39006A5217 /* Icon.png */ = {isa = PBXFileReference; lastKnownFileType = image.png; path = Icon.png; sourceTree = "<group>"; };
		71A8717C300AAA39006A5217 /* Style.css */ = {isa = PBXFileReference; lastKnownFileType = text.css; path = Style.css; sourceTree = "<group>"; };
		71A8717D300AAA39006A5217 /* Script.js */ = {isa = PBXFileReference; lastKnownFileType = sourcecode.javascript; path = Script.js; sourceTree = "<group>"; };
		71A8717E300AAA39006A5217 /* ViewController.swift */ = {isa = PBXFileReference; lastKnownFileType = sourcecode.swift; path = ViewController.swift; sourceTree = "<group>"; };
		71A8717F300AAA3A006A5217 /* Assets.xcassets */ = {isa = PBXFileReference; lastKnownFileType = folder.assetcatalog; path = Assets.xcassets; sourceTree = "<group>"; };
		71A87181300AAA3A006A5217 /* SafariWebExtensionHandler.swift */ = {isa = PBXFileReference; lastKnownFileType = sourcecode.swift; path = SafariWebExtensionHandler.swift; sourceTree = "<group>"; };
		71A87186300AAA3A006A5217 /* LinkedIn De-Elonizer.app */ = {isa = PBXFileReference; explicitFileType = wrapper.application; includeInIndex = 0; path = "LinkedIn De-Elonizer.app"; sourceTree = BUILT_PRODUCTS_DIR; };
		71A87189300AAA3A006A5217 /* AppDelegate.swift */ = {isa = PBXFileReference; lastKnownFileType = sourcecode.swift; path = AppDelegate.swift; sourceTree = "<group>"; };
		71A8718B300AAA3A006A5217 /* SceneDelegate.swift */ = {isa = PBXFileReference; lastKnownFileType = sourcecode.swift; path = SceneDelegate.swift; sourceTree = "<group>"; };
		71A8718E300AAA3A006A5217 /* Base */ = {isa = PBXFileReference; lastKnownFileType = file.storyboard; name = Base; path = Base.lproj/LaunchScreen.storyboard; sourceTree = "<group>"; };
		71A87191300AAA3A006A5217 /* Base */ = {isa = PBXFileReference; lastKnownFileType = file.storyboard; name = Base; path = Base.lproj/Main.storyboard; sourceTree = "<group>"; };
		71A87193300AAA3A006A5217 /* Info.plist */ = {isa = PBXFileReference; lastKnownFileType = text.plist.xml; path = Info.plist; sourceTree = "<group>"; };
		71A87198300AAA3A006A5217 /* LinkedIn De-Elonizer.app */ = {isa = PBXFileReference; explicitFileType = wrapper.application; includeInIndex = 0; path = "LinkedIn De-Elonizer.app"; sourceTree = BUILT_PRODUCTS_DIR; };
		71A8719A300AAA3A006A5217 /* AppDelegate.swift */ = {isa = PBXFileReference; lastKnownFileType = sourcecode.swift; path = AppDelegate.swift; sourceTree = "<group>"; };
		71A8719D300AAA3A006A5217 /* Base */ = {isa = PBXFileReference; lastKnownFileType = file.storyboard; name = Base; path = Base.lproj/Main.storyboard; sourceTree = "<group>"; };
		71A8719F300AAA3A006A5217 /* Info.plist */ = {isa = PBXFileReference; lastKnownFileType = text.plist.xml; path = Info.plist; sourceTree = "<group>"; };
		71A871A4300AAA3A006A5217 /* LinkedIn De-Elonizer Extension.appex */ = {isa = PBXFileReference; explicitFileType = "wrapper.app-extension"; includeInIndex = 0; path = "LinkedIn De-Elonizer Extension.appex"; sourceTree = BUILT_PRODUCTS_DIR; };
		71A871A9300AAA3A006A5217 /* Info.plist */ = {isa = PBXFileReference; lastKnownFileType = text.plist.xml; path = Info.plist; sourceTree = "<group>"; };
		71A871AE300AAA3A006A5217 /* LinkedIn De-Elonizer Extension.appex */ = {isa = PBXFileReference; explicitFileType = "wrapper.app-extension"; includeInIndex = 0; path = "LinkedIn De-Elonizer Extension.appex"; sourceTree = BUILT_PRODUCTS_DIR; };
		71A871B3300AAA3A006A5217 /* Info.plist */ = {isa = PBXFileReference; lastKnownFileType = text.plist.xml; path = Info.plist; sourceTree = "<group>"; };
		71A871D3300AAA3B006A5217 /* popup.js */ = {isa = PBXFileReference; lastKnownFileType = sourcecode.javascript; name = popup.js; path = ../../extension/popup.js; sourceTree = "<group>"; };
		71A871D4300AAA3B006A5217 /* background.js */ = {isa = PBXFileReference; lastKnownFileType = sourcecode.javascript; name = background.js; path = ../../extension/background.js; sourceTree = "<group>"; };
		71A871D5300AAA3B006A5217 /* popup.html */ = {isa = PBXFileReference; lastKnownFileType = text.html; name = popup.html; path = ../../extension/popup.html; sourceTree = "<group>"; };
		71A871D6300AAA3B006A5217 /* icons */ = {isa = PBXFileReference; lastKnownFileType = folder; name = icons; path = ../../extension/icons; sourceTree = "<group>"; };
		71A871D7300AAA3B006A5217 /* manifest.json */ = {isa = PBXFileReference; lastKnownFileType = text.json; name = manifest.json; path = ../../extension/manifest.json; sourceTree = "<group>"; };
		71A871D8300AAA3B006A5217 /* popup.css */ = {isa = PBXFileReference; lastKnownFileType = text.css; name = popup.css; path = ../../extension/popup.css; sourceTree = "<group>"; };
		71A871D9300AAA3B006A5217 /* content.js */ = {isa = PBXFileReference; lastKnownFileType = sourcecode.javascript; name = content.js; path = ../../extension/content.js; sourceTree = "<group>"; };
/* End PBXFileReference section */

/* Begin PBXFrameworksBuildPhase section */
		71A87183300AAA3A006A5217 /* Frameworks */ = {
			isa = PBXFrameworksBuildPhase;
			buildActionMask = 2147483647;
			files = (
			);
			runOnlyForDeploymentPostprocessing = 0;
		};
		71A87195300AAA3A006A5217 /* Frameworks */ = {
			isa = PBXFrameworksBuildPhase;
			buildActionMask = 2147483647;
			files = (
			);
			runOnlyForDeploymentPostprocessing = 0;
		};
		71A871A1300AAA3A006A5217 /* Frameworks */ = {
			isa = PBXFrameworksBuildPhase;
			buildActionMask = 2147483647;
			files = (
			);
			runOnlyForDeploymentPostprocessing = 0;
		};
		71A871AB300AAA3A006A5217 /* Frameworks */ = {
			isa = PBXFrameworksBuildPhase;
			buildActionMask = 2147483647;
			files = (
			);
			runOnlyForDeploymentPostprocessing = 0;
		};
/* End PBXFrameworksBuildPhase section */

/* Begin PBXGroup section */
		71A87172300AAA39006A5217 = {
			isa = PBXGroup;
			children = (
				71A87177300AAA39006A5217 /* Shared (App) */,
				71A87180300AAA3A006A5217 /* Shared (Extension) */,
				71A87188300AAA3A006A5217 /* iOS (App) */,
				71A87199300AAA3A006A5217 /* macOS (App) */,
				71A871A8300AAA3A006A5217 /* iOS (Extension) */,
				71A871B2300AAA3A006A5217 /* macOS (Extension) */,
				71A87187300AAA3A006A5217 /* Products */,
			);
			sourceTree = "<group>";
		};
		71A87177300AAA39006A5217 /* Shared (App) */ = {
			isa = PBXGroup;
			children = (
				71A8717E300AAA39006A5217 /* ViewController.swift */,
				71A8717F300AAA3A006A5217 /* Assets.xcassets */,
				71A87178300AAA39006A5217 /* Resources */,
			);
			path = "Shared (App)";
			sourceTree = "<group>";
		};
		71A87178300AAA39006A5217 /* Resources */ = {
			isa = PBXGroup;
			children = (
				71A87179300AAA39006A5217 /* Main.html */,
				71A8717B300AAA39006A5217 /* Icon.png */,
				71A8717C300AAA39006A5217 /* Style.css */,
				71A8717D300AAA39006A5217 /* Script.js */,
			);
			path = Resources;
			sourceTree = "<group>";
		};
		71A87180300AAA3A006A5217 /* Shared (Extension) */ = {
			isa = PBXGroup;
			children = (
				71A871D2300AAA3B006A5217 /* Resources */,
				71A87181300AAA3A006A5217 /* SafariWebExtensionHandler.swift */,
			);
			path = "Shared (Extension)";
			sourceTree = "<group>";
		};
		71A87187300AAA3A006A5217 /* Products */ = {
			isa = PBXGroup;
			children = (
				71A87186300AAA3A006A5217 /* LinkedIn De-Elonizer.app */,
				71A87198300AAA3A006A5217 /* LinkedIn De-Elonizer.app */,
				71A871A4300AAA3A006A5217 /* LinkedIn De-Elonizer Extension.appex */,
				71A871AE300AAA3A006A5217 /* LinkedIn De-Elonizer Extension.appex */,
			);
			name = Products;
			sourceTree = "<group>";
		};
		71A87188300AAA3A006A5217 /* iOS (App) */ = {
			isa = PBXGroup;
			children = (
				71A87189300AAA3A006A5217 /* AppDelegate.swift */,
				71A8718B300AAA3A006A5217 /* SceneDelegate.swift */,
				71A8718D300AAA3A006A5217 /* LaunchScreen.storyboard */,
				71A87190300AAA3A006A5217 /* Main.storyboard */,
				71A87193300AAA3A006A5217 /* Info.plist */,
			);
			path = "iOS (App)";
			sourceTree = "<group>";
		};
		71A87199300AAA3A006A5217 /* macOS (App) */ = {
			isa = PBXGroup;
			children = (
				71A8719A300AAA3A006A5217 /* AppDelegate.swift */,
				71A8719C300AAA3A006A5217 /* Main.storyboard */,
				71A8719F300AAA3A006A5217 /* Info.plist */,
			);
			path = "macOS (App)";
			sourceTree = "<group>";
		};
		71A871A8300AAA3A006A5217 /* iOS (Extension) */ = {
			isa = PBXGroup;
			children = (
				71A871A9300AAA3A006A5217 /* Info.plist */,
			);
			path = "iOS (Extension)";
			sourceTree = "<group>";
		};
		71A871B2300AAA3A006A5217 /* macOS (Extension) */ = {
			isa = PBXGroup;
			children = (
				71A871B3300AAA3A006A5217 /* Info.plist */,
			);
			path = "macOS (Extension)";
			sourceTree = "<group>";
		};
		71A871D2300AAA3B006A5217 /* Resources */ = {
			isa = PBXGroup;
			children = (
				71A871D3300AAA3B006A5217 /* popup.js */,
				71A871D4300AAA3B006A5217 /* background.js */,
				71A871D5300AAA3B006A5217 /* popup.html */,
				71A871D6300AAA3B006A5217 /* icons */,
				71A871D7300AAA3B006A5217 /* manifest.json */,
				71A871D8300AAA3B006A5217 /* popup.css */,
				71A871D9300AAA3B006A5217 /* content.js */,
			);
			name = Resources;
			path = "Shared (Extension)";
			sourceTree = SOURCE_ROOT;
		};
/* End PBXGroup section */

/* Begin PBXNativeTarget section */
		71A87185300AAA3A006A5217 /* LinkedIn De-Elonizer (iOS) */ = {
			isa = PBXNativeTarget;
			buildConfigurationList = 71A871C8300AAA3A006A5217 /* Build configuration list for PBXNativeTarget "LinkedIn De-Elonizer (iOS)" */;
			buildPhases = (
				71A87182300AAA3A006A5217 /* Sources */,
				71A87183300AAA3A006A5217 /* Frameworks */,
				71A87184300AAA3A006A5217 /* Resources */,
				71A871C7300AAA3A006A5217 /* Embed Foundation Extensions */,
			);
			buildRules = (
			);
			dependencies = (
				71A871A7300AAA3A006A5217 /* PBXTargetDependency */,
			);
			name = "LinkedIn De-Elonizer (iOS)";
			packageProductDependencies = (
			);
			productName = "LinkedIn De-Elonizer (iOS)";
			productReference = 71A87186300AAA3A006A5217 /* LinkedIn De-Elonizer.app */;
			productType = "com.apple.product-type.application";
		};
		71A87197300AAA3A006A5217 /* LinkedIn De-Elonizer (macOS) */ = {
			isa = PBXNativeTarget;
			buildConfigurationList = 71A871CF300AAA3A006A5217 /* Build configuration list for PBXNativeTarget "LinkedIn De-Elonizer (macOS)" */;
			buildPhases = (
				71A87194300AAA3A006A5217 /* Sources */,
				71A87195300AAA3A006A5217 /* Frameworks */,
				71A87196300AAA3A006A5217 /* Resources */,
				71A871CE300AAA3A006A5217 /* Embed Foundation Extensions */,
			);
			buildRules = (
			);
			dependencies = (
				71A871B1300AAA3A006A5217 /* PBXTargetDependency */,
			);
			name = "LinkedIn De-Elonizer (macOS)";
			packageProductDependencies = (
			);
			productName = "LinkedIn De-Elonizer (macOS)";
			productReference = 71A87198300AAA3A006A5217 /* LinkedIn De-Elonizer.app */;
			productType = "com.apple.product-type.application";
		};
		71A871A3300AAA3A006A5217 /* LinkedIn De-Elonizer Extension (iOS) */ = {
			isa = PBXNativeTarget;
			buildConfigurationList = 71A871C4300AAA3A006A5217 /* Build configuration list for PBXNativeTarget "LinkedIn De-Elonizer Extension (iOS)" */;
			buildPhases = (
				71A871A0300AAA3A006A5217 /* Sources */,
				71A871A1300AAA3A006A5217 /* Frameworks */,
				71A871A2300AAA3A006A5217 /* Resources */,
			);
			buildRules = (
			);
			dependencies = (
			);
			name = "LinkedIn De-Elonizer Extension (iOS)";
			packageProductDependencies = (
			);
			productName = "LinkedIn De-Elonizer Extension (iOS)";
			productReference = 71A871A4300AAA3A006A5217 /* LinkedIn De-Elonizer Extension.appex */;
			productType = "com.apple.product-type.app-extension";
		};
		71A871AD300AAA3A006A5217 /* LinkedIn De-Elonizer Extension (macOS) */ = {
			isa = PBXNativeTarget;
			buildConfigurationList = 71A871CB300AAA3A006A5217 /* Build configuration list for PBXNativeTarget "LinkedIn De-Elonizer Extension (macOS)" */;
			buildPhases = (
				71A871AA300AAA3A006A5217 /* Sources */,
				71A871AB300AAA3A006A5217 /* Frameworks */,
				71A871AC300AAA3A006A5217 /* Resources */,
			);
			buildRules = (
			);
			dependencies = (
			);
			name = "LinkedIn De-Elonizer Extension (macOS)";
			packageProductDependencies = (
			);
			productName = "LinkedIn De-Elonizer Extension (macOS)";
			productReference = 71A871AE300AAA3A006A5217 /* LinkedIn De-Elonizer Extension.appex */;
			productType = "com.apple.product-type.app-extension";
		};
/* End PBXNativeTarget section */

/* Begin PBXProject section */
		71A87173300AAA39006A5217 /* Project object */ = {
			isa = PBXProject;
			attributes = {
				BuildIndependentTargetsInParallel = 1;
				LastSwiftUpdateCheck = 2660;
				LastUpgradeCheck = 2660;
				TargetAttributes = {
					71A87185300AAA3A006A5217 = {
						CreatedOnToolsVersion = 26.6;
					};
					71A87197300AAA3A006A5217 = {
						CreatedOnToolsVersion = 26.6;
					};
					71A871A3300AAA3A006A5217 = {
						CreatedOnToolsVersion = 26.6;
					};
					71A871AD300AAA3A006A5217 = {
						CreatedOnToolsVersion = 26.6;
					};
				};
			};
			buildConfigurationList = 71A87176300AAA39006A5217 /* Build configuration list for PBXProject "LinkedIn De-Elonizer" */;
			developmentRegion = en;
			hasScannedForEncodings = 0;
			knownRegions = (
				en,
				Base,
			);
			mainGroup = 71A87172300AAA39006A5217;
			minimizedProjectReferenceProxies = 1;
			preferredProjectObjectVersion = 77;
			productRefGroup = 71A87187300AAA3A006A5217 /* Products */;
			projectDirPath = "";
			projectRoot = "";
			targets = (
				71A87185300AAA3A006A5217 /* LinkedIn De-Elonizer (iOS) */,
				71A87197300AAA3A006A5217 /* LinkedIn De-Elonizer (macOS) */,
				71A871A3300AAA3A006A5217 /* LinkedIn De-Elonizer Extension (iOS) */,
				71A871AD300AAA3A006A5217 /* LinkedIn De-Elonizer Extension (macOS) */,
			);
		};
/* End PBXProject section */

/* Begin PBXResourcesBuildPhase section */
		71A87184300AAA3A006A5217 /* Resources */ = {
			isa = PBXResourcesBuildPhase;
			buildActionMask = 2147483647;
			files = (
				71A871B6300AAA3A006A5217 /* Icon.png in Resources */,
				71A8718F300AAA3A006A5217 /* LaunchScreen.storyboard in Resources */,
				71A871B4300AAA3A006A5217 /* Main.html in Resources */,
				71A871BA300AAA3A006A5217 /* Script.js in Resources */,
				71A871BE300AAA3A006A5217 /* Assets.xcassets in Resources */,
				71A87192300AAA3A006A5217 /* Main.storyboard in Resources */,
				71A871B8300AAA3A006A5217 /* Style.css in Resources */,
			);
			runOnlyForDeploymentPostprocessing = 0;
		};
		71A87196300AAA3A006A5217 /* Resources */ = {
			isa = PBXResourcesBuildPhase;
			buildActionMask = 2147483647;
			files = (
				71A871B7300AAA3A006A5217 /* Icon.png in Resources */,
				71A871B9300AAA3A006A5217 /* Style.css in Resources */,
				71A8719E300AAA3A006A5217 /* Main.storyboard in Resources */,
				71A871BB300AAA3A006A5217 /* Script.js in Resources */,
				71A871BF300AAA3A006A5217 /* Assets.xcassets in Resources */,
				71A871B5300AAA3A006A5217 /* Main.html in Resources */,
			);
			runOnlyForDeploymentPostprocessing = 0;
		};
		71A871A2300AAA3A006A5217 /* Resources */ = {
			isa = PBXResourcesBuildPhase;
			buildActionMask = 2147483647;
			files = (
				71A871E2300AAA3B006A5217 /* background.js in Resources */,
				71A871E4300AAA3B006A5217 /* icons in Resources */,
				71A871E6300AAA3B006A5217 /* popup.css in Resources */,
				71A871E5300AAA3B006A5217 /* manifest.json in Resources */,
				71A871E3300AAA3B006A5217 /* popup.html in Resources */,
				71A871E7300AAA3B006A5217 /* content.js in Resources */,
				71A871E1300AAA3B006A5217 /* popup.js in Resources */,
			);
			runOnlyForDeploymentPostprocessing = 0;
		};
		71A871AC300AAA3A006A5217 /* Resources */ = {
			isa = PBXResourcesBuildPhase;
			buildActionMask = 2147483647;
			files = (
				71A871DB300AAA3B006A5217 /* background.js in Resources */,
				71A871DD300AAA3B006A5217 /* icons in Resources */,
				71A871DF300AAA3B006A5217 /* popup.css in Resources */,
				71A871DE300AAA3B006A5217 /* manifest.json in Resources */,
				71A871DC300AAA3B006A5217 /* popup.html in Resources */,
				71A871E0300AAA3B006A5217 /* content.js in Resources */,
				71A871DA300AAA3B006A5217 /* popup.js in Resources */,
			);
			runOnlyForDeploymentPostprocessing = 0;
		};
/* End PBXResourcesBuildPhase section */

/* Begin PBXSourcesBuildPhase section */
		71A87182300AAA3A006A5217 /* Sources */ = {
			isa = PBXSourcesBuildPhase;
			buildActionMask = 2147483647;
			files = (
				71A871BC300AAA3A006A5217 /* ViewController.swift in Sources */,
				71A8718A300AAA3A006A5217 /* AppDelegate.swift in Sources */,
				71A8718C300AAA3A006A5217 /* SceneDelegate.swift in Sources */,
			);
			runOnlyForDeploymentPostprocessing = 0;
		};
		71A87194300AAA3A006A5217 /* Sources */ = {
			isa = PBXSourcesBuildPhase;
			buildActionMask = 2147483647;
			files = (
				71A871BD300AAA3A006A5217 /* ViewController.swift in Sources */,
				71A8719B300AAA3A006A5217 /* AppDelegate.swift in Sources */,
			);
			runOnlyForDeploymentPostprocessing = 0;
		};
		71A871A0300AAA3A006A5217 /* Sources */ = {
			isa = PBXSourcesBuildPhase;
			buildActionMask = 2147483647;
			files = (
				71A871C0300AAA3A006A5217 /* SafariWebExtensionHandler.swift in Sources */,
			);
			runOnlyForDeploymentPostprocessing = 0;
		};
		71A871AA300AAA3A006A5217 /* Sources */ = {
			isa = PBXSourcesBuildPhase;
			buildActionMask = 2147483647;
			files = (
				71A871C1300AAA3A006A5217 /* SafariWebExtensionHandler.swift in Sources */,
			);
			runOnlyForDeploymentPostprocessing = 0;
		};
/* End PBXSourcesBuildPhase section */

/* Begin PBXTargetDependency section */
		71A871A7300AAA3A006A5217 /* PBXTargetDependency */ = {
			isa = PBXTargetDependency;
			target = 71A871A3300AAA3A006A5217 /* LinkedIn De-Elonizer Extension (iOS) */;
			targetProxy = 71A871A6300AAA3A006A5217 /* PBXContainerItemProxy */;
		};
		71A871B1300AAA3A006A5217 /* PBXTargetDependency */ = {
			isa = PBXTargetDependency;
			target = 71A871AD300AAA3A006A5217 /* LinkedIn De-Elonizer Extension (macOS) */;
			targetProxy = 71A871B0300AAA3A006A5217 /* PBXContainerItemProxy */;
		};
/* End PBXTargetDependency section */

/* Begin PBXVariantGroup section */
		71A87179300AAA39006A5217 /* Main.html */ = {
			isa = PBXVariantGroup;
			children = (
				71A8717A300AAA39006A5217 /* Base */,
			);
			name = Main.html;
			sourceTree = "<group>";
		};
		71A8718D300AAA3A006A5217 /* LaunchScreen.storyboard */ = {
			isa = PBXVariantGroup;
			children = (
				71A8718E300AAA3A006A5217 /* Base */,
			);
			name = LaunchScreen.storyboard;
			sourceTree = "<group>";
		};
		71A87190300AAA3A006A5217 /* Main.storyboard */ = {
			isa = PBXVariantGroup;
			children = (
				71A87191300AAA3A006A5217 /* Base */,
			);
			name = Main.storyboard;
			sourceTree = "<group>";
		};
		71A8719C300AAA3A006A5217 /* Main.storyboard */ = {
			isa = PBXVariantGroup;
			children = (
				71A8719D300AAA3A006A5217 /* Base */,
			);
			name = Main.storyboard;
			sourceTree = "<group>";
		};
/* End PBXVariantGroup section */

/* Begin XCBuildConfiguration section */
		71A871C2300AAA3A006A5217 /* Debug */ = {
			isa = XCBuildConfiguration;
			buildSettings = {
				ALWAYS_SEARCH_USER_PATHS = NO;
				ASSETCATALOG_COMPILER_GENERATE_SWIFT_ASSET_SYMBOL_EXTENSIONS = YES;
				CLANG_ANALYZER_NONNULL = YES;
				CLANG_ANALYZER_NUMBER_OBJECT_CONVERSION = YES_AGGRESSIVE;
				CLANG_CXX_LANGUAGE_STANDARD = "gnu++20";
				CLANG_ENABLE_MODULES = YES;
				CLANG_ENABLE_OBJC_ARC = YES;
				CLANG_ENABLE_OBJC_WEAK = YES;
				CLANG_WARN_BLOCK_CAPTURE_AUTORELEASING = YES;
				CLANG_WARN_BOOL_CONVERSION = YES;
				CLANG_WARN_COMMA = YES;
				CLANG_WARN_CONSTANT_CONVERSION = YES;
				CLANG_WARN_DEPRECATED_OBJC_IMPLEMENTATIONS = YES;
				CLANG_WARN_DIRECT_OBJC_ISA_USAGE = YES_ERROR;
				CLANG_WARN_DOCUMENTATION_COMMENTS = YES;
				CLANG_WARN_EMPTY_BODY = YES;
				CLANG_WARN_ENUM_CONVERSION = YES;
				CLANG_WARN_INFINITE_RECURSION = YES;
				CLANG_WARN_INT_CONVERSION = YES;
				CLANG_WARN_NON_LITERAL_NULL_CONVERSION = YES;
				CLANG_WARN_OBJC_IMPLICIT_RETAIN_SELF = YES;
				CLANG_WARN_OBJC_LITERAL_CONVERSION = YES;
				CLANG_WARN_OBJC_ROOT_CLASS = YES_ERROR;
				CLANG_WARN_QUOTED_INCLUDE_IN_FRAMEWORK_HEADER = YES;
				CLANG_WARN_RANGE_LOOP_ANALYSIS = YES;
				CLANG_WARN_STRICT_PROTOTYPES = YES;
				CLANG_WARN_SUSPICIOUS_MOVE = YES;
				CLANG_WARN_UNGUARDED_AVAILABILITY = YES_AGGRESSIVE;
				CLANG_WARN_UNREACHABLE_CODE = YES;
				CLANG_WARN__DUPLICATE_METHOD_MATCH = YES;
				COPY_PHASE_STRIP = NO;
				DEBUG_INFORMATION_FORMAT = dwarf;
				ENABLE_STRICT_OBJC_MSGSEND = YES;
				ENABLE_TESTABILITY = YES;
				ENABLE_USER_SCRIPT_SANDBOXING = YES;
				GCC_C_LANGUAGE_STANDARD = gnu17;
				GCC_DYNAMIC_NO_PIC = NO;
				GCC_NO_COMMON_BLOCKS = YES;
				GCC_OPTIMIZATION_LEVEL = 0;
				GCC_PREPROCESSOR_DEFINITIONS = (
					"DEBUG=1",
					"$(inherited)",
				);
				GCC_WARN_64_TO_32_BIT_CONVERSION = YES;
				GCC_WARN_ABOUT_RETURN_TYPE = YES_ERROR;
				GCC_WARN_UNDECLARED_SELECTOR = YES;
				GCC_WARN_UNINITIALIZED_AUTOS = YES_AGGRESSIVE;
				GCC_WARN_UNUSED_FUNCTION = YES;
				GCC_WARN_UNUSED_VARIABLE = YES;
				LOCALIZATION_PREFERS_STRING_CATALOGS = YES;
				MTL_ENABLE_DEBUG_INFO = INCLUDE_SOURCE;
				MTL_FAST_MATH = YES;
				ONLY_ACTIVE_ARCH = YES;
				SWIFT_ACTIVE_COMPILATION_CONDITIONS = "DEBUG $(inherited)";
				SWIFT_OPTIMIZATION_LEVEL = "-Onone";
			};
			name = Debug;
		};
		71A871C3300AAA3A006A5217 /* Release */ = {
			isa = XCBuildConfiguration;
			buildSettings = {
				ALWAYS_SEARCH_USER_PATHS = NO;
				ASSETCATALOG_COMPILER_GENERATE_SWIFT_ASSET_SYMBOL_EXTENSIONS = YES;
				CLANG_ANALYZER_NONNULL = YES;
				CLANG_ANALYZER_NUMBER_OBJECT_CONVERSION = YES_AGGRESSIVE;
				CLANG_CXX_LANGUAGE_STANDARD = "gnu++20";
				CLANG_ENABLE_MODULES = YES;
				CLANG_ENABLE_OBJC_ARC = YES;
				CLANG_ENABLE_OBJC_WEAK = YES;
				CLANG_WARN_BLOCK_CAPTURE_AUTORELEASING = YES;
				CLANG_WARN_BOOL_CONVERSION = YES;
				CLANG_WARN_COMMA = YES;
				CLANG_WARN_CONSTANT_CONVERSION = YES;
				CLANG_WARN_DEPRECATED_OBJC_IMPLEMENTATIONS = YES;
				CLANG_WARN_DIRECT_OBJC_ISA_USAGE = YES_ERROR;
				CLANG_WARN_DOCUMENTATION_COMMENTS = YES;
				CLANG_WARN_EMPTY_BODY = YES;
				CLANG_WARN_ENUM_CONVERSION = YES;
				CLANG_WARN_INFINITE_RECURSION = YES;
				CLANG_WARN_INT_CONVERSION = YES;
				CLANG_WARN_NON_LITERAL_NULL_CONVERSION = YES;
				CLANG_WARN_OBJC_IMPLICIT_RETAIN_SELF = YES;
				CLANG_WARN_OBJC_LITERAL_CONVERSION = YES;
				CLANG_WARN_OBJC_ROOT_CLASS = YES_ERROR;
				CLANG_WARN_QUOTED_INCLUDE_IN_FRAMEWORK_HEADER = YES;
				CLANG_WARN_RANGE_LOOP_ANALYSIS = YES;
				CLANG_WARN_STRICT_PROTOTYPES = YES;
				CLANG_WARN_SUSPICIOUS_MOVE = YES;
				CLANG_WARN_UNGUARDED_AVAILABILITY = YES_AGGRESSIVE;
				CLANG_WARN_UNREACHABLE_CODE = YES;
				CLANG_WARN__DUPLICATE_METHOD_MATCH = YES;
				COPY_PHASE_STRIP = NO;
				DEBUG_INFORMATION_FORMAT = "dwarf-with-dsym";
				ENABLE_NS_ASSERTIONS = NO;
				ENABLE_STRICT_OBJC_MSGSEND = YES;
				ENABLE_USER_SCRIPT_SANDBOXING = YES;
				GCC_C_LANGUAGE_STANDARD = gnu17;
				GCC_NO_COMMON_BLOCKS = YES;
				GCC_WARN_64_TO_32_BIT_CONVERSION = YES;
				GCC_WARN_ABOUT_RETURN_TYPE = YES_ERROR;
				GCC_WARN_UNDECLARED_SELECTOR = YES;
				GCC_WARN_UNINITIALIZED_AUTOS = YES_AGGRESSIVE;
				GCC_WARN_UNUSED_FUNCTION = YES;
				GCC_WARN_UNUSED_VARIABLE = YES;
				LOCALIZATION_PREFERS_STRING_CATALOGS = YES;
				MTL_ENABLE_DEBUG_INFO = NO;
				MTL_FAST_MATH = YES;
				SWIFT_COMPILATION_MODE = wholemodule;
			};
			name = Release;
		};
		71A871C5300AAA3A006A5217 /* Debug */ = {
			isa = XCBuildConfiguration;
			buildSettings = {
				CODE_SIGN_STYLE = Automatic;
				CURRENT_PROJECT_VERSION = 1;
				GENERATE_INFOPLIST_FILE = YES;
				INFOPLIST_FILE = "iOS (Extension)/Info.plist";
				INFOPLIST_KEY_CFBundleDisplayName = "LinkedIn De-Elonizer Extension";
				INFOPLIST_KEY_NSHumanReadableCopyright = "";
				IPHONEOS_DEPLOYMENT_TARGET = 15.0;
				LD_RUNPATH_SEARCH_PATHS = (
					"$(inherited)",
					"@executable_path/Frameworks",
					"@executable_path/../../Frameworks",
				);
				MARKETING_VERSION = 1.0;
				OTHER_LDFLAGS = (
					"-framework",
					SafariServices,
				);
				PRODUCT_BUNDLE_IDENTIFIER = "com.de-elonizer.Extension";
				PRODUCT_NAME = "LinkedIn De-Elonizer Extension";
				SDKROOT = iphoneos;
				SKIP_INSTALL = YES;
				STRING_CATALOG_GENERATE_SYMBOLS = YES;
				SWIFT_APPROACHABLE_CONCURRENCY = YES;
				SWIFT_EMIT_LOC_STRINGS = YES;
				SWIFT_UPCOMING_FEATURE_MEMBER_IMPORT_VISIBILITY = YES;
				SWIFT_VERSION = 5.0;
				TARGETED_DEVICE_FAMILY = "1,2";
			};
			name = Debug;
		};
		71A871C6300AAA3A006A5217 /* Release */ = {
			isa = XCBuildConfiguration;
			buildSettings = {
				CODE_SIGN_STYLE = Automatic;
				CURRENT_PROJECT_VERSION = 1;
				GENERATE_INFOPLIST_FILE = YES;
				INFOPLIST_FILE = "iOS (Extension)/Info.plist";
				INFOPLIST_KEY_CFBundleDisplayName = "LinkedIn De-Elonizer Extension";
				INFOPLIST_KEY_NSHumanReadableCopyright = "";
				IPHONEOS_DEPLOYMENT_TARGET = 15.0;
				LD_RUNPATH_SEARCH_PATHS = (
					"$(inherited)",
					"@executable_path/Frameworks",
					"@executable_path/../../Frameworks",
				);
				MARKETING_VERSION = 1.0;
				OTHER_LDFLAGS = (
					"-framework",
					SafariServices,
				);
				PRODUCT_BUNDLE_IDENTIFIER = "com.de-elonizer.Extension";
				PRODUCT_NAME = "LinkedIn De-Elonizer Extension";
				SDKROOT = iphoneos;
				SKIP_INSTALL = YES;
				STRING_CATALOG_GENERATE_SYMBOLS = YES;
				SWIFT_APPROACHABLE_CONCURRENCY = YES;
				SWIFT_EMIT_LOC_STRINGS = YES;
				SWIFT_UPCOMING_FEATURE_MEMBER_IMPORT_VISIBILITY = YES;
				SWIFT_VERSION = 5.0;
				TARGETED_DEVICE_FAMILY = "1,2";
				VALIDATE_PRODUCT = YES;
			};
			name = Release;
		};
		71A871C9300AAA3A006A5217 /* Debug */ = {
			isa = XCBuildConfiguration;
			buildSettings = {
				ASSETCATALOG_COMPILER_APPICON_NAME = AppIcon;
				ASSETCATALOG_COMPILER_GLOBAL_ACCENT_COLOR_NAME = AccentColor;
				CODE_SIGN_STYLE = Automatic;
				CURRENT_PROJECT_VERSION = 1;
				GENERATE_INFOPLIST_FILE = YES;
				INFOPLIST_FILE = "iOS (App)/Info.plist";
				INFOPLIST_KEY_CFBundleDisplayName = "LinkedIn De-Elonizer";
				INFOPLIST_KEY_UIApplicationSupportsIndirectInputEvents = YES;
				INFOPLIST_KEY_UILaunchStoryboardName = LaunchScreen;
				INFOPLIST_KEY_UIMainStoryboardFile = Main;
				INFOPLIST_KEY_UISupportedInterfaceOrientations = "UIInterfaceOrientationPortrait UIInterfaceOrientationLandscapeLeft UIInterfaceOrientationLandscapeRight";
				INFOPLIST_KEY_UISupportedInterfaceOrientations_iPad = "UIInterfaceOrientationPortrait UIInterfaceOrientationPortraitUpsideDown UIInterfaceOrientationLandscapeLeft UIInterfaceOrientationLandscapeRight";
				IPHONEOS_DEPLOYMENT_TARGET = 15.0;
				LD_RUNPATH_SEARCH_PATHS = (
					"$(inherited)",
					"@executable_path/Frameworks",
				);
				MARKETING_VERSION = 1.0;
				OTHER_LDFLAGS = (
					"-framework",
					SafariServices,
					"-framework",
					WebKit,
				);
				PRODUCT_BUNDLE_IDENTIFIER = "com.de-elonizer";
				PRODUCT_NAME = "LinkedIn De-Elonizer";
				SDKROOT = iphoneos;
				STRING_CATALOG_GENERATE_SYMBOLS = YES;
				SWIFT_APPROACHABLE_CONCURRENCY = YES;
				SWIFT_DEFAULT_ACTOR_ISOLATION = MainActor;
				SWIFT_EMIT_LOC_STRINGS = YES;
				SWIFT_UPCOMING_FEATURE_MEMBER_IMPORT_VISIBILITY = YES;
				SWIFT_VERSION = 5.0;
				TARGETED_DEVICE_FAMILY = "1,2";
			};
			name = Debug;
		};
		71A871CA300AAA3A006A5217 /* Release */ = {
			isa = XCBuildConfiguration;
			buildSettings = {
				ASSETCATALOG_COMPILER_APPICON_NAME = AppIcon;
				ASSETCATALOG_COMPILER_GLOBAL_ACCENT_COLOR_NAME = AccentColor;
				CODE_SIGN_STYLE = Automatic;
				CURRENT_PROJECT_VERSION = 1;
				GENERATE_INFOPLIST_FILE = YES;
				INFOPLIST_FILE = "iOS (App)/Info.plist";
				INFOPLIST_KEY_CFBundleDisplayName = "LinkedIn De-Elonizer";
				INFOPLIST_KEY_UIApplicationSupportsIndirectInputEvents = YES;
				INFOPLIST_KEY_UILaunchStoryboardName = LaunchScreen;
				INFOPLIST_KEY_UIMainStoryboardFile = Main;
				INFOPLIST_KEY_UISupportedInterfaceOrientations = "UIInterfaceOrientationPortrait UIInterfaceOrientationLandscapeLeft UIInterfaceOrientationLandscapeRight";
				INFOPLIST_KEY_UISupportedInterfaceOrientations_iPad = "UIInterfaceOrientationPortrait UIInterfaceOrientationPortraitUpsideDown UIInterfaceOrientationLandscapeLeft UIInterfaceOrientationLandscapeRight";
				IPHONEOS_DEPLOYMENT_TARGET = 15.0;
				LD_RUNPATH_SEARCH_PATHS = (
					"$(inherited)",
					"@executable_path/Frameworks",
				);
				MARKETING_VERSION = 1.0;
				OTHER_LDFLAGS = (
					"-framework",
					SafariServices,
					"-framework",
					WebKit,
				);
				PRODUCT_BUNDLE_IDENTIFIER = "com.de-elonizer";
				PRODUCT_NAME = "LinkedIn De-Elonizer";
				SDKROOT = iphoneos;
				STRING_CATALOG_GENERATE_SYMBOLS = YES;
				SWIFT_APPROACHABLE_CONCURRENCY = YES;
				SWIFT_DEFAULT_ACTOR_ISOLATION = MainActor;
				SWIFT_EMIT_LOC_STRINGS = YES;
				SWIFT_UPCOMING_FEATURE_MEMBER_IMPORT_VISIBILITY = YES;
				SWIFT_VERSION = 5.0;
				TARGETED_DEVICE_FAMILY = "1,2";
				VALIDATE_PRODUCT = YES;
			};
			name = Release;
		};
		71A871CC300AAA3A006A5217 /* Debug */ = {
			isa = XCBuildConfiguration;
			buildSettings = {
				CODE_SIGN_STYLE = Automatic;
				CURRENT_PROJECT_VERSION = 1;
				ENABLE_APP_SANDBOX = YES;
				ENABLE_HARDENED_RUNTIME = YES;
				ENABLE_USER_SELECTED_FILES = readonly;
				GENERATE_INFOPLIST_FILE = YES;
				INFOPLIST_FILE = "macOS (Extension)/Info.plist";
				INFOPLIST_KEY_CFBundleDisplayName = "LinkedIn De-Elonizer Extension";
				INFOPLIST_KEY_NSHumanReadableCopyright = "";
				LD_RUNPATH_SEARCH_PATHS = (
					"$(inherited)",
					"@executable_path/../Frameworks",
					"@executable_path/../../../../Frameworks",
				);
				MACOSX_DEPLOYMENT_TARGET = 10.14;
				MARKETING_VERSION = 1.0;
				OTHER_LDFLAGS = (
					"-framework",
					SafariServices,
				);
				PRODUCT_BUNDLE_IDENTIFIER = "com.de-elonizer.Extension";
				PRODUCT_NAME = "LinkedIn De-Elonizer Extension";
				SDKROOT = macosx;
				SKIP_INSTALL = YES;
				STRING_CATALOG_GENERATE_SYMBOLS = YES;
				SWIFT_APPROACHABLE_CONCURRENCY = YES;
				SWIFT_EMIT_LOC_STRINGS = YES;
				SWIFT_UPCOMING_FEATURE_MEMBER_IMPORT_VISIBILITY = YES;
				SWIFT_VERSION = 5.0;
			};
			name = Debug;
		};
		71A871CD300AAA3A006A5217 /* Release */ = {
			isa = XCBuildConfiguration;
			buildSettings = {
				CODE_SIGN_STYLE = Automatic;
				CURRENT_PROJECT_VERSION = 1;
				ENABLE_APP_SANDBOX = YES;
				ENABLE_HARDENED_RUNTIME = YES;
				ENABLE_USER_SELECTED_FILES = readonly;
				GENERATE_INFOPLIST_FILE = YES;
				INFOPLIST_FILE = "macOS (Extension)/Info.plist";
				INFOPLIST_KEY_CFBundleDisplayName = "LinkedIn De-Elonizer Extension";
				INFOPLIST_KEY_NSHumanReadableCopyright = "";
				LD_RUNPATH_SEARCH_PATHS = (
					"$(inherited)",
					"@executable_path/../Frameworks",
					"@executable_path/../../../../Frameworks",
				);
				MACOSX_DEPLOYMENT_TARGET = 10.14;
				MARKETING_VERSION = 1.0;
				OTHER_LDFLAGS = (
					"-framework",
					SafariServices,
				);
				PRODUCT_BUNDLE_IDENTIFIER = "com.de-elonizer.Extension";
				PRODUCT_NAME = "LinkedIn De-Elonizer Extension";
				SDKROOT = macosx;
				SKIP_INSTALL = YES;
				STRING_CATALOG_GENERATE_SYMBOLS = YES;
				SWIFT_APPROACHABLE_CONCURRENCY = YES;
				SWIFT_EMIT_LOC_STRINGS = YES;
				SWIFT_UPCOMING_FEATURE_MEMBER_IMPORT_VISIBILITY = YES;
				SWIFT_VERSION = 5.0;
			};
			name = Release;
		};
		71A871D0300AAA3A006A5217 /* Debug */ = {
			isa = XCBuildConfiguration;
			buildSettings = {
				ASSETCATALOG_COMPILER_APPICON_NAME = AppIcon;
				ASSETCATALOG_COMPILER_GLOBAL_ACCENT_COLOR_NAME = AccentColor;
				CODE_SIGN_STYLE = Automatic;
				CURRENT_PROJECT_VERSION = 1;
				ENABLE_APP_SANDBOX = YES;
				ENABLE_HARDENED_RUNTIME = YES;
				ENABLE_OUTGOING_NETWORK_CONNECTIONS = YES;
				ENABLE_USER_SELECTED_FILES = readonly;
				GENERATE_INFOPLIST_FILE = YES;
				INFOPLIST_FILE = "macOS (App)/Info.plist";
				INFOPLIST_KEY_CFBundleDisplayName = "LinkedIn De-Elonizer";
				INFOPLIST_KEY_NSMainStoryboardFile = Main;
				INFOPLIST_KEY_NSPrincipalClass = NSApplication;
				LD_RUNPATH_SEARCH_PATHS = (
					"$(inherited)",
					"@executable_path/../Frameworks",
				);
				MACOSX_DEPLOYMENT_TARGET = 10.14;
				MARKETING_VERSION = 1.0;
				OTHER_LDFLAGS = (
					"-framework",
					SafariServices,
					"-framework",
					WebKit,
				);
				PRODUCT_BUNDLE_IDENTIFIER = "com.de-elonizer";
				PRODUCT_NAME = "LinkedIn De-Elonizer";
				REGISTER_APP_GROUPS = YES;
				SDKROOT = macosx;
				STRING_CATALOG_GENERATE_SYMBOLS = YES;
				SWIFT_APPROACHABLE_CONCURRENCY = YES;
				SWIFT_DEFAULT_ACTOR_ISOLATION = MainActor;
				SWIFT_EMIT_LOC_STRINGS = YES;
				SWIFT_UPCOMING_FEATURE_MEMBER_IMPORT_VISIBILITY = YES;
				SWIFT_VERSION = 5.0;
			};
			name = Debug;
		};
		71A871D1300AAA3A006A5217 /* Release */ = {
			isa = XCBuildConfiguration;
			buildSettings = {
				ASSETCATALOG_COMPILER_APPICON_NAME = AppIcon;
				ASSETCATALOG_COMPILER_GLOBAL_ACCENT_COLOR_NAME = AccentColor;
				CODE_SIGN_STYLE = Automatic;
				CURRENT_PROJECT_VERSION = 1;
				ENABLE_APP_SANDBOX = YES;
				ENABLE_HARDENED_RUNTIME = YES;
				ENABLE_OUTGOING_NETWORK_CONNECTIONS = YES;
				ENABLE_USER_SELECTED_FILES = readonly;
				GENERATE_INFOPLIST_FILE = YES;
				INFOPLIST_FILE = "macOS (App)/Info.plist";
				INFOPLIST_KEY_CFBundleDisplayName = "LinkedIn De-Elonizer";
				INFOPLIST_KEY_NSMainStoryboardFile = Main;
				INFOPLIST_KEY_NSPrincipalClass = NSApplication;
				LD_RUNPATH_SEARCH_PATHS = (
					"$(inherited)",
					"@executable_path/../Frameworks",
				);
				MACOSX_DEPLOYMENT_TARGET = 10.14;
				MARKETING_VERSION = 1.0;
				OTHER_LDFLAGS = (
					"-framework",
					SafariServices,
					"-framework",
					WebKit,
				);
				PRODUCT_BUNDLE_IDENTIFIER = "com.de-elonizer";
				PRODUCT_NAME = "LinkedIn De-Elonizer";
				REGISTER_APP_GROUPS = YES;
				SDKROOT = macosx;
				STRING_CATALOG_GENERATE_SYMBOLS = YES;
				SWIFT_APPROACHABLE_CONCURRENCY = YES;
				SWIFT_DEFAULT_ACTOR_ISOLATION = MainActor;
				SWIFT_EMIT_LOC_STRINGS = YES;
				SWIFT_UPCOMING_FEATURE_MEMBER_IMPORT_VISIBILITY = YES;
				SWIFT_VERSION = 5.0;
			};
			name = Release;
		};
/* End XCBuildConfiguration section */

/* Begin XCConfigurationList section */
		71A87176300AAA39006A5217 /* Build configuration list for PBXProject "LinkedIn De-Elonizer" */ = {
			isa = XCConfigurationList;
			buildConfigurations = (
				71A871C2300AAA3A006A5217 /* Debug */,
				71A871C3300AAA3A006A5217 /* Release */,
			);
			defaultConfigurationIsVisible = 0;
			defaultConfigurationName = Release;
		};
		71A871C4300AAA3A006A5217 /* Build configuration list for PBXNativeTarget "LinkedIn De-Elonizer Extension (iOS)" */ = {
			isa = XCConfigurationList;
			buildConfigurations = (
				71A871C5300AAA3A006A5217 /* Debug */,
				71A871C6300AAA3A006A5217 /* Release */,
			);
			defaultConfigurationIsVisible = 0;
			defaultConfigurationName = Release;
		};
		71A871C8300AAA3A006A5217 /* Build configuration list for PBXNativeTarget "LinkedIn De-Elonizer (iOS)" */ = {
			isa = XCConfigurationList;
			buildConfigurations = (
				71A871C9300AAA3A006A5217 /* Debug */,
				71A871CA300AAA3A006A5217 /* Release */,
			);
			defaultConfigurationIsVisible = 0;
			defaultConfigurationName = Release;
		};
		71A871CB300AAA3A006A5217 /* Build configuration list for PBXNativeTarget "LinkedIn De-Elonizer Extension (macOS)" */ = {
			isa = XCConfigurationList;
			buildConfigurations = (
				71A871CC300AAA3A006A5217 /* Debug */,
				71A871CD300AAA3A006A5217 /* Release */,
			);
			defaultConfigurationIsVisible = 0;
			defaultConfigurationName = Release;
		};
		71A871CF300AAA3A006A5217 /* Build configuration list for PBXNativeTarget "LinkedIn De-Elonizer (macOS)" */ = {
			isa = XCConfigurationList;
			buildConfigurations = (
				71A871D0300AAA3A006A5217 /* Debug */,
				71A871D1300AAA3A006A5217 /* Release */,
			);
			defaultConfigurationIsVisible = 0;
			defaultConfigurationName = Release;
		};
/* End XCConfigurationList section */
	};
	rootObject = 71A87173300AAA39006A5217 /* Project object */;
}
